github.com/go-ole/go-ole v1.2.5 h1:t4MGB5xEDZvXI+0rMjjsfBsD7yAgp/s9ZDkL1JndXwY=
github.com/go-ole/go-ole v1.2.5/go.mod h1:pprOEPIfldk/42T2oK7lQ4v4JSDwmV0As9GaiUsvbm0=
github.com/mattn/getwild v0.0.1 h1:+Nlzxt7fonj2MtO9y/rg5hxOnM3H6tuTqeD38W25jfo=
github.com/mattn/getwild v0.0.1/go.mod h1:AG+GKQydHp7iLJn+VV+D7y8LeYs5bQ0Xz4fmKd5o1Sg=
github.com/zetamatta/go-windows-shortcut v0.0.0-20200826154755-11707f2ef14c h1:AF5xWROLzLP4Nco97nXs2SSU6fq3Y8SL5TXnXhkldKI=
github.com/zetamatta/go-windows-shortcut v0.0.0-20200826154755-11707f2ef14c/go.mod h1:buJWG/mCpNkeABgIeEaX6b+6qh3wBhioplFV6K6ZPo8=
golang.org/x/sys v0.0.0-20190916202348-b4ddaad3f8a3 h1:7TYNF4UdlohbFwpNH04CoPMp1cHUZgO1Ebq5r2hIjfo=
golang.org/x/sys v0.0.0-20190916202348-b4ddaad3f8a3/go.mod h1:h1NjWce9XRLGQEsW7wpKNCjG9DtNlClVuFLEZdDNbEs=
